
Microsoft Visual Studio Solution File, Format Version 12.00
# Visual Studio Version 17
VisualStudioVersion = 17.11.35431.28
MinimumVisualStudioVersion = 10.0.40219.1
Project("{9A19103F-16F7-4668-BE54-9A1E7A4F7556}") = "FileCryptPRD.Domain", "FileCryptPRD.Domain\FileCryptPRD.Domain.csproj", "{CCCCBA1D-2014-45D9-8D4D-9BFC2E9E89A1}"
EndProject
Project("{9A19103F-16F7-4668-BE54-9A1E7A4F7556}") = "FileCryptPRD.Application", "FileCryptPRD.Application\FileCryptPRD.Application.csproj", "{E4A7449A-33AC-410A-9FCE-6CE37BFE7544}"
EndProject
Project("{9A19103F-16F7-4668-BE54-9A1E7A4F7556}") = "FileCryptPRD.Infrastructure", "FileCryptPRD.Infrastructure\FileCryptPRD.Infrastructure.csproj", "{B765836C-F0B4-4754-9690-C78A2E087E88}"
EndProject
Project("{FAE04EC0-301F-11D3-BF4B-00C04F79EFBC}") = "FileCryptPRD.Api", "FileCryptPRD.Api\FileCryptPRD.Api.csproj", "{E5257B3E-F3A6-45D9-BFF6-AFB05E085898}"
EndProject
Global
	GlobalSection(SolutionConfigurationPlatforms) = preSolution
		Debug|Any CPU = Debug|Any CPU
		Release|Any CPU = Release|Any CPU
	EndGlobalSection
	GlobalSection(ProjectConfigurationPlatforms) = postSolution
		{CCCCBA1D-2014-45D9-8D4D-9BFC2E9E89A1}.Debug|Any CPU.ActiveCfg = Debug|Any CPU
		{CCCCBA1D-2014-45D9-8D4D-9BFC2E9E89A1}.Debug|Any CPU.Build.0 = Debug|Any CPU
		{CCCCBA1D-2014-45D9-8D4D-9BFC2E9E89A1}.Release|Any CPU.ActiveCfg = Release|Any CPU
		{CCCCBA1D-2014-45D9-8D4D-9BFC2E9E89A1}.Release|Any CPU.Build.0 = Release|Any CPU
		{E4A7449A-33AC-410A-9FCE-6CE37BFE7544}.Debug|Any CPU.ActiveCfg = Debug|Any CPU
		{E4A7449A-33AC-410A-9FCE-6CE37BFE7544}.Debug|Any CPU.Build.0 = Debug|Any CPU
		{E4A7449A-33AC-410A-9FCE-6CE37BFE7544}.Release|Any CPU.ActiveCfg = Release|Any CPU
		{E4A7449A-33AC-410A-9FCE-6CE37BFE7544}.Release|Any CPU.Build.0 = Release|Any CPU
		{B765836C-F0B4-4754-9690-C78A2E087E88}.Debug|Any CPU.ActiveCfg = Debug|Any CPU
		{B765836C-F0B4-4754-9690-C78A2E087E88}.Debug|Any CPU.Build.0 = Debug|Any CPU
		{B765836C-F0B4-4754-9690-C78A2E087E88}.Release|Any CPU.ActiveCfg = Release|Any CPU
		{B765836C-F0B4-4754-9690-C78A2E087E88}.Release|Any CPU.Build.0 = Release|Any CPU
		{E5257B3E-F3A6-45D9-BFF6-AFB05E085898}.Debug|Any CPU.ActiveCfg = Debug|Any CPU
		{E5257B3E-F3A6-45D9-BFF6-AFB05E085898}.Debug|Any CPU.Build.0 = Debug|Any CPU
		{E5257B3E-F3A6-45D9-BFF6-AFB05E085898}.Release|Any CPU.ActiveCfg = Release|Any CPU
		{E5257B3E-F3A6-45D9-BFF6-AFB05E085898}.Release|Any CPU.Build.0 = Release|Any CPU
	EndGlobalSection
	GlobalSection(SolutionProperties) = preSolution
		HideSolutionNode = FALSE
	EndGlobalSection
	GlobalSection(ExtensibilityGlobals) = postSolution
		SolutionGuid = {6D375C5C-D644-46A9-BDA4-F725960C1391}
	EndGlobalSection
EndGlobal
